// !$*UTF8*$!
{
	archiveVersion = 1;
	classes = {
	};
	objectVersion = 51;
	objects = {

/* Begin PBXBuildFile section */
		165E552222FDF92100DB855A /* AppDelegate.swift in Sources */ = {isa = PBXBuildFile; fileRef = 165E552122FDF92100DB855A /* AppDelegate.swift */; };
		165E552422FDF92100DB855A /* ViewController.swift in Sources */ = {isa = PBXBuildFile; fileRef = 165E552322FDF92100DB855A /* ViewController.swift */; };
		165E552722FDF92100DB855A /* Main.storyboard in Resources */ = {isa = PBXBuildFile; fileRef = 165E552522FDF92100DB855A /* Main.storyboard */; };
		165E552922FDF92400DB855A /* Assets.xcassets in Resources */ = {isa = PBXBuildFile; fileRef = 165E552822FDF92400DB855A /* Assets.xcassets */; };
		165E552C22FDF92400DB855A /* LaunchScreen.storyboard in Resources */ = {isa = PBXBuildFile; fileRef = 165E552A22FDF92400DB855A /* LaunchScreen.storyboard */; };
		165E553722FDF92400DB855A /* WeatherTests.swift in Sources */ = {isa = PBXBuildFile; fileRef = 165E553622FDF92400DB855A /* WeatherTests.swift */; };
		165E554222FDF92400DB855A /* WeatherUITests.swift in Sources */ = {isa = PBXBuildFile; fileRef = 165E554122FDF92400DB855A /* WeatherUITests.swift */; };
		165E555522FEB05F00DB855A /* .swiftlint.yml in Resources */ = {isa = PBXBuildFile; fileRef = 165E555422FEB05F00DB855A /* .swiftlint.yml */; };
		165E555822FEBC4500DB855A /* .gitignore in Resources */ = {isa = PBXBuildFile; fileRef = 165E555722FEBC4500DB855A /* .gitignore */; };
		41F0A8CD81061CBF2ABC1ECF /* Pods_WeatherTests.framework in Frameworks */ = {isa = PBXBuildFile; fileRef = CC88E58310A0EF09C2485F2D /* Pods_WeatherTests.framework */; };
		7ABE3D7F051E498C4BC997CA /* Pods_Weather.framework in Frameworks */ = {isa = PBXBuildFile; fileRef = DD7522D8856A609B37669C0E /* Pods_Weather.framework */; };
		BF2BFD95477D00A980F4A6A9 /* Pods_WeatherUITests.framework in Frameworks */ = {isa = PBXBuildFile; fileRef = A24F53EB8465FA9A43CB42E4 /* Pods_WeatherUITests.framework */; };
/* End PBXBuildFile section */

/* Begin PBXContainerItemProxy section */
		165E553322FDF92400DB855A /* PBXContainerItemProxy */ = {
			isa = PBXContainerItemProxy;
			containerPortal = 165E551622FDF92000DB855A /* Project object */;
			proxyType = 1;
			remoteGlobalIDString = 165E551D22FDF92100DB855A;
			remoteInfo = Weather;
		};
		165E553E22FDF92400DB855A /* PBXContainerItemProxy */ = {
			isa = PBXContainerItemProxy;
			containerPortal = 165E551622FDF92000DB855A /* Project object */;
			proxyType = 1;
			remoteGlobalIDString = 165E551D22FDF92100DB855A;
			remoteInfo = Weather;
		};
/* End PBXContainerItemProxy section */

/* Begin PBXFileReference section */
		165E551E22FDF92100DB855A /* Weather.app */ = {isa = PBXFileReference; explicitFileType = wrapper.application; includeInIndex = 0; path = Weather.app; sourceTree = BUILT_PRODUCTS_DIR; };
		165E552122FDF92100DB855A /* AppDelegate.swift */ = {isa = PBXFileReference; lastKnownFileType = sourcecode.swift; path = AppDelegate.swift; sourceTree = "<group>"; };
		165E552322FDF92100DB855A /* ViewController.swift */ = {isa = PBXFileReference; lastKnownFileType = sourcecode.swift; path = ViewController.swift; sourceTree = "<group>"; };
		165E552622FDF92100DB855A /* Base */ = {isa = PBXFileReference; lastKnownFileType = file.storyboard; name = Base; path = Base.lproj/Main.storyboard; sourceTree = "<group>"; };
		165E552822FDF92400DB855A /* Assets.xcassets */ = {isa = PBXFileReference; lastKnownFileType = folder.assetcatalog; path = Assets.xcassets; sourceTree = "<group>"; };
		165E552B22FDF92400DB855A /* Base */ = {isa = PBXFileReference; lastKnownFileType = file.storyboard; name = Base; path = Base.lproj/LaunchScreen.storyboard; sourceTree = "<group>"; };
		165E552D22FDF92400DB855A /* Info.plist */ = {isa = PBXFileReference; lastKnownFileType = text.plist.xml; path = Info.plist; sourceTree = "<group>"; };
		165E553222FDF92400DB855A /* WeatherTests.xctest */ = {isa = PBXFileReference; explicitFileType = wrapper.cfbundle; includeInIndex = 0; path = WeatherTests.xctest; sourceTree = BUILT_PRODUCTS_DIR; };
		165E553622FDF92400DB855A /* WeatherTests.swift */ = {isa = PBXFileReference; lastKnownFileType = sourcecode.swift; path = WeatherTests.swift; sourceTree = "<group>"; };
		165E553822FDF92400DB855A /* Info.plist */ = {isa = PBXFileReference; lastKnownFileType = text.plist.xml; path = Info.plist; sourceTree = "<group>"; };
		165E553D22FDF92400DB855A /* WeatherUITests.xctest */ = {isa = PBXFileReference; explicitFileType = wrapper.cfbundle; includeInIndex = 0; path = WeatherUITests.xctest; sourceTree = BUILT_PRODUCTS_DIR; };
		165E554122FDF92400DB855A /* WeatherUITests.swift */ = {isa = PBXFileReference; lastKnownFileType = sourcecode.swift; path = WeatherUITests.swift; sourceTree = "<group>"; };
		165E554322FDF92400DB855A /* Info.plist */ = {isa = PBXFileReference; lastKnownFileType = text.plist.xml; path = Info.plist; sourceTree = "<group>"; };
		165E555422FEB05F00DB855A /* .swiftlint.yml */ = {isa = PBXFileReference; lastKnownFileType = text; path = .swiftlint.yml; sourceTree = "<group>"; };
		165E555722FEBC4500DB855A /* .gitignore */ = {isa = PBXFileReference; lastKnownFileType = text; path = .gitignore; sourceTree = "<group>"; };
		165E555922FEBC9B00DB855A /* README.md */ = {isa = PBXFileReference; lastKnownFileType = net.daringfireball.markdown; path = README.md; sourceTree = "<group>"; };
		173A5D75752A86E7F5312CFC /* Pods-Weather.release.xcconfig */ = {isa = PBXFileReference; includeInIndex = 1; lastKnownFileType = text.xcconfig; name = "Pods-Weather.release.xcconfig"; path = "Target Support Files/Pods-Weather/Pods-Weather.release.xcconfig"; sourceTree = "<group>"; };
		481090DB533EA56345AA29AE /* Pods-Weather.debug.xcconfig */ = {isa = PBXFileReference; includeInIndex = 1; lastKnownFileType = text.xcconfig; name = "Pods-Weather.debug.xcconfig"; path = "Target Support Files/Pods-Weather/Pods-Weather.debug.xcconfig"; sourceTree = "<group>"; };
		59ACF5D67F39DB070B5AB1F1 /* Pods-WeatherUITests.release.xcconfig */ = {isa = PBXFileReference; includeInIndex = 1; lastKnownFileType = text.xcconfig; name = "Pods-WeatherUITests.release.xcconfig"; path = "Target Support Files/Pods-WeatherUITests/Pods-WeatherUITests.release.xcconfig"; sourceTree = "<group>"; };
		883A3B7C6E21E7D8962F2BEE /* Pods-WeatherTests.debug.xcconfig */ = {isa = PBXFileReference; includeInIndex = 1; lastKnownFileType = text.xcconfig; name = "Pods-WeatherTests.debug.xcconfig"; path = "Target Support Files/Pods-WeatherTests/Pods-WeatherTests.debug.xcconfig"; sourceTree = "<group>"; };
		9012A5F88972708346EF1C31 /* Pods-WeatherUITests.debug.xcconfig */ = {isa = PBXFileReference; includeInIndex = 1; lastKnownFileType = text.xcconfig; name = "Pods-WeatherUITests.debug.xcconfig"; path = "Target Support Files/Pods-WeatherUITests/Pods-WeatherUITests.debug.xcconfig"; sourceTree = "<group>"; };
		A24F53EB8465FA9A43CB42E4 /* Pods_WeatherUITests.framework */ = {isa = PBXFileReference; explicitFileType = wrapper.framework; includeInIndex = 0; path = Pods_WeatherUITests.framework; sourceTree = BUILT_PRODUCTS_DIR; };
		CC88E58310A0EF09C2485F2D /* Pods_WeatherTests.framework */ = {isa = PBXFileReference; explicitFileType = wrapper.framework; includeInIndex = 0; path = Pods_WeatherTests.framework; sourceTree = BUILT_PRODUCTS_DIR; };
		DD7522D8856A609B37669C0E /* Pods_Weather.framework */ = {isa = PBXFileReference; explicitFileType = wrapper.framework; includeInIndex = 0; path = Pods_Weather.framework; sourceTree = BUILT_PRODUCTS_DIR; };
		F99F341337534DCEE9201BAD /* Pods-WeatherTests.release.xcconfig */ = {isa = PBXFileReference; includeInIndex = 1; lastKnownFileType = text.xcconfig; name = "Pods-WeatherTests.release.xcconfig"; path = "Target Support Files/Pods-WeatherTests/Pods-WeatherTests.release.xcconfig"; sourceTree = "<group>"; };
/* End PBXFileReference section */

/* Begin PBXFrameworksBuildPhase section */
		165E551B22FDF92100DB855A /* Frameworks */ = {
			isa = PBXFrameworksBuildPhase;
			buildActionMask = 2147483647;
			files = (
				7ABE3D7F051E498C4BC997CA /* Pods_Weather.framework in Frameworks */,
			);
			runOnlyForDeploymentPostprocessing = 0;
		};
		165E552F22FDF92400DB855A /* Frameworks */ = {
			isa = PBXFrameworksBuildPhase;
			buildActionMask = 2147483647;
			files = (
				41F0A8CD81061CBF2ABC1ECF /* Pods_WeatherTests.framework in Frameworks */,
			);
			runOnlyForDeploymentPostprocessing = 0;
		};
		165E553A22FDF92400DB855A /* Frameworks */ = {
			isa = PBXFrameworksBuildPhase;
			buildActionMask = 2147483647;
			files = (
				BF2BFD95477D00A980F4A6A9 /* Pods_WeatherUITests.framework in Frameworks */,
			);
			runOnlyForDeploymentPostprocessing = 0;
		};
/* End PBXFrameworksBuildPhase section */

/* Begin PBXGroup section */
		165E551522FDF92000DB855A = {
			isa = PBXGroup;
			children = (
				165E555922FEBC9B00DB855A /* README.md */,
				165E555722FEBC4500DB855A /* .gitignore */,
				165E555422FEB05F00DB855A /* .swiftlint.yml */,
				165E552022FDF92100DB855A /* Weather */,
				165E553522FDF92400DB855A /* WeatherTests */,
				165E554022FDF92400DB855A /* WeatherUITests */,
				165E551F22FDF92100DB855A /* Products */,
				B1D9D1673494191AAEF4FFFA /* Pods */,
				A089B3A1666015439D7F6CC0 /* Frameworks */,
			);
			sourceTree = "<group>";
		};
		165E551F22FDF92100DB855A /* Products */ = {
			isa = PBXGroup;
			children = (
				165E551E22FDF92100DB855A /* Weather.app */,
				165E553222FDF92400DB855A /* WeatherTests.xctest */,
				165E553D22FDF92400DB855A /* WeatherUITests.xctest */,
			);
			name = Products;
			sourceTree = "<group>";
		};
		165E552022FDF92100DB855A /* Weather */ = {
			isa = PBXGroup;
			children = (
				165E552122FDF92100DB855A /* AppDelegate.swift */,
				165E552322FDF92100DB855A /* ViewController.swift */,
				165E552522FDF92100DB855A /* Main.storyboard */,
				165E552822FDF92400DB855A /* Assets.xcassets */,
				165E552A22FDF92400DB855A /* LaunchScreen.storyboard */,
				165E552D22FDF92400DB855A /* Info.plist */,
			);
			path = Weather;
			sourceTree = "<group>";
		};
		165E553522FDF92400DB855A /* WeatherTests */ = {
			isa = PBXGroup;
			children = (
				165E553622FDF92400DB855A /* WeatherTests.swift */,
				165E553822FDF92400DB855A /* Info.plist */,
			);
			path = WeatherTests;
			sourceTree = "<group>";
		};
		165E554022FDF92400DB855A /* WeatherUITests */ = {
			isa = PBXGroup;
			children = (
				165E554122FDF92400DB855A /* WeatherUITests.swift */,
				165E554322FDF92400DB855A /* Info.plist */,
			);
			path = WeatherUITests;
			sourceTree = "<group>";
		};
		A089B3A1666015439D7F6CC0 /* Frameworks */ = {
			isa = PBXGroup;
			children = (
				DD7522D8856A609B37669C0E /* Pods_Weather.framework */,
				CC88E58310A0EF09C2485F2D /* Pods_WeatherTests.framework */,
				A24F53EB8465FA9A43CB42E4 /* Pods_WeatherUITests.framework */,
			);
			name = Frameworks;
			sourceTree = "<group>";
		};
		B1D9D1673494191AAEF4FFFA /* Pods */ = {
			isa = PBXGroup;
			children = (
				481090DB533EA56345AA29AE /* Pods-Weather.debug.xcconfig */,
				173A5D75752A86E7F5312CFC /* Pods-Weather.release.xcconfig */,
				883A3B7C6E21E7D8962F2BEE /* Pods-WeatherTests.debug.xcconfig */,
				F99F341337534DCEE9201BAD /* Pods-WeatherTests.release.xcconfig */,
				9012A5F88972708346EF1C31 /* Pods-WeatherUITests.debug.xcconfig */,
				59ACF5D67F39DB070B5AB1F1 /* Pods-WeatherUITests.release.xcconfig */,
			);
			path = Pods;
			sourceTree = "<group>";
		};
/* End PBXGroup section */

/* Begin PBXNativeTarget section */
		165E551D22FDF92100DB855A /* Weather */ = {
			isa = PBXNativeTarget;
			buildConfigurationList = 165E554622FDF92400DB855A /* Build configuration list for PBXNativeTarget "Weather" */;
			buildPhases = (
				911CDAB724B3A19390AECFA4 /* [CP] Check Pods Manifest.lock */,
				165E551A22FDF92100DB855A /* Sources */,
				165E551B22FDF92100DB855A /* Frameworks */,
				165E551C22FDF92100DB855A /* Resources */,
				F9893DBDD8B1707F0675581D /* [CP] Embed Pods Frameworks */,
				165E555622FEB0FF00DB855A /* ShellScript */,
			);
			buildRules = (
			);
			dependencies = (
			);
			name = Weather;
			productName = Weather;
			productReference = 165E551E22FDF92100DB855A /* Weather.app */;
			productType = "com.apple.product-type.application";
		};
		165E553122FDF92400DB855A /* WeatherTests */ = {
			isa = PBXNativeTarget;
			buildConfigurationList = 165E554922FDF92400DB855A /* Build configuration list for PBXNativeTarget "WeatherTests" */;
			buildPhases = (
				B92E8DC972F14741106BE5A7 /* [CP] Check Pods Manifest.lock */,
				165E552E22FDF92400DB855A /* Sources */,
				165E552F22FDF92400DB855A /* Frameworks */,
				165E553022FDF92400DB855A /* Resources */,
			);
			buildRules = (
			);
			dependencies = (
				165E553422FDF92400DB855A /* PBXTargetDependency */,
			);
			name = WeatherTests;
			productName = WeatherTests;
			productReference = 165E553222FDF92400DB855A /* WeatherTests.xctest */;
			productType = "com.apple.product-type.bundle.unit-test";
		};
		165E553C22FDF92400DB855A /* WeatherUITests */ = {
			isa = PBXNativeTarget;
			buildConfigurationList = 165E554C22FDF92400DB855A /* Build configuration list for PBXNativeTarget "WeatherUITests" */;
			buildPhases = (
				1ED4C71B64F0663BFBE66434 /* [CP] Check Pods Manifest.lock */,
				165E553922FDF92400DB855A /* Sources */,
				165E553A22FDF92400DB855A /* Frameworks */,
				165E553B22FDF92400DB855A /* Resources */,
			);
			buildRules = (
			);
			dependencies = (
				165E553F22FDF92400DB855A /* PBXTargetDependency */,
			);
			name = WeatherUITests;
			productName = WeatherUITests;
			productReference = 165E553D22FDF92400DB855A /* WeatherUITests.xctest */;
			productType = "com.apple.product-type.bundle.ui-testing";
		};
/* End PBXNativeTarget section */

/* Begin PBXProject section */
		165E551622FDF92000DB855A /* Project object */ = {
			isa = PBXProject;
			attributes = {
				LastSwiftUpdateCheck = 1030;
				LastUpgradeCheck = 1030;
				ORGANIZATIONNAME = "Ilya Lebedev";
				TargetAttributes = {
					165E551D22FDF92100DB855A = {
						CreatedOnToolsVersion = 10.3;
					};
					165E553122FDF92400DB855A = {
						CreatedOnToolsVersion = 10.3;
						TestTargetID = 165E551D22FDF92100DB855A;
					};
					165E553C22FDF92400DB855A = {
						CreatedOnToolsVersion = 10.3;
						TestTargetID = 165E551D22FDF92100DB855A;
					};
				};
			};
			buildConfigurationList = 165E551922FDF92000DB855A /* Build configuration list for PBXProject "Weather" */;
			compatibilityVersion = "Xcode 9.3";
			developmentRegion = en;
			hasScannedForEncodings = 0;
			knownRegions = (
				en,
				Base,
			);
			mainGroup = 165E551522FDF92000DB855A;
			productRefGroup = 165E551F22FDF92100DB855A /* Products */;
			projectDirPath = "";
			projectRoot = "";
			targets = (
				165E551D22FDF92100DB855A /* Weather */,
				165E553122FDF92400DB855A /* WeatherTests */,
				165E553C22FDF92400DB855A /* WeatherUITests */,
			);
		};
/* End PBXProject section */

/* Begin PBXResourcesBuildPhase section */
		165E551C22FDF92100DB855A /* Resources */ = {
			isa = PBXResourcesBuildPhase;
			buildActionMask = 2147483647;
			files = (
				165E555822FEBC4500DB855A /* .gitignore in Resources */,
				165E555522FEB05F00DB855A /* .swiftlint.yml in Resources */,
				165E552C22FDF92400DB855A /* LaunchScreen.storyboard in Resources */,
				165E552922FDF92400DB855A /* Assets.xcassets in Resources */,
				165E552722FDF92100DB855A /* Main.storyboard in Resources */,
			);
			runOnlyForDeploymentPostprocessing = 0;
		};
		165E553022FDF92400DB855A /* Resources */ = {
			isa = PBXResourcesBuildPhase;
			buildActionMask = 2147483647;
			files = (
			);
			runOnlyForDeploymentPostprocessing = 0;
		};
		165E553B22FDF92400DB855A /* Resources */ = {
			isa = PBXResourcesBuildPhase;
			buildActionMask = 2147483647;
			files = (
			);
			runOnlyForDeploymentPostprocessing = 0;
		};
/* End PBXResourcesBuildPhase section */

/* Begin PBXShellScriptBuildPhase section */
		165E555622FEB0FF00DB855A /* ShellScript */ = {
			isa = PBXShellScriptBuildPhase;
			buildActionMask = 2147483647;
			files = (
			);
			inputFileListPaths = (
			);
			inputPaths = (
			);
			outputFileListPaths = (
			);
			outputPaths = (
			);
			runOnlyForDeploymentPostprocessing = 0;
			shellPath = /bin/sh;
			shellScript = "if which swiftlint >/dev/null; then\nPods/SwiftLint/swiftlint lint --path ./Weather\nelse\necho \"warning: SwiftLint not installed, download from https://github.com/realm/SwiftLint\"\nfi\n";
		};
		1ED4C71B64F0663BFBE66434 /* [CP] Check Pods Manifest.lock */ = {
			isa = PBXShellScriptBuildPhase;
			buildActionMask = 2147483647;
			files = (
			);
			inputFileListPaths = (
			);
			inputPaths = (
				"${PODS_PODFILE_DIR_PATH}/Podfile.lock",
				"${PODS_ROOT}/Manifest.lock",
			);
			name = "[CP] Check Pods Manifest.lock";
			outputFileListPaths = (
			);
			outputPaths = (
				"$(DERIVED_FILE_DIR)/Pods-WeatherUITests-checkManifestLockResult.txt",
			);
			runOnlyForDeploymentPostprocessing = 0;
			shellPath = /bin/sh;
			shellScript = "diff \"${PODS_PODFILE_DIR_PATH}/Podfile.lock\" \"${PODS_ROOT}/Manifest.lock\" > /dev/null\nif [ $? != 0 ] ; then\n    # print error to STDERR\n    echo \"error: The sandbox is not in sync with the Podfile.lock. Run 'pod install' or update your CocoaPods installation.\" >&2\n    exit 1\nfi\n# This output is used by Xcode 'outputs' to avoid re-running this script phase.\necho \"SUCCESS\" > \"${SCRIPT_OUTPUT_FILE_0}\"\n";
			showEnvVarsInLog = 0;
		};
		911CDAB724B3A19390AECFA4 /* [CP] Check Pods Manifest.lock */ = {
			isa = PBXShellScriptBuildPhase;
			buildActionMask = 2147483647;
			files = (
			);
			inputFileListPaths = (
			);
			inputPaths = (
				"${PODS_PODFILE_DIR_PATH}/Podfile.lock",
				"${PODS_ROOT}/Manifest.lock",
			);
			name = "[CP] Check Pods Manifest.lock";
			outputFileListPaths = (
			);
			outputPaths = (
				"$(DERIVED_FILE_DIR)/Pods-Weather-checkManifestLockResult.txt",
			);
			runOnlyForDeploymentPostprocessing = 0;
			shellPath = /bin/sh;
			shellScript = "diff \"${PODS_PODFILE_DIR_PATH}/Podfile.lock\" \"${PODS_ROOT}/Manifest.lock\" > /dev/null\nif [ $? != 0 ] ; then\n    # print error to STDERR\n    echo \"error: The sandbox is not in sync with the Podfile.lock. Run 'pod install' or update your CocoaPods installation.\" >&2\n    exit 1\nfi\n# This output is used by Xcode 'outputs' to avoid re-running this script phase.\necho \"SUCCESS\" > \"${SCRIPT_OUTPUT_FILE_0}\"\n";
			showEnvVarsInLog = 0;
		};
		B92E8DC972F14741106BE5A7 /* [CP] Check Pods Manifest.lock */ = {
			isa = PBXShellScriptBuildPhase;
			buildActionMask = 2147483647;
			files = (
			);
			inputFileListPaths = (
			);
			inputPaths = (
				"${PODS_PODFILE_DIR_PATH}/Podfile.lock",
				"${PODS_ROOT}/Manifest.lock",
			);
			name = "[CP] Check Pods Manifest.lock";
			outputFileListPaths = (
			);
			outputPaths = (
				"$(DERIVED_FILE_DIR)/Pods-WeatherTests-checkManifestLockResult.txt",
			);
			runOnlyForDeploymentPostprocessing = 0;
			shellPath = /bin/sh;
			shellScript = "diff \"${PODS_PODFILE_DIR_PATH}/Podfile.lock\" \"${PODS_ROOT}/Manifest.lock\" > /dev/null\nif [ $? != 0 ] ; then\n    # print error to STDERR\n    echo \"error: The sandbox is not in sync with the Podfile.lock. Run 'pod install' or update your CocoaPods installation.\" >&2\n    exit 1\nfi\n# This output is used by Xcode 'outputs' to avoid re-running this script phase.\necho \"SUCCESS\" > \"${SCRIPT_OUTPUT_FILE_0}\"\n";
			showEnvVarsInLog = 0;
		};
		F9893DBDD8B1707F0675581D /* [CP] Embed Pods Frameworks */ = {
			isa = PBXShellScriptBuildPhase;
			buildActionMask = 2147483647;
			files = (
			);
			inputFileListPaths = (
				"${PODS_ROOT}/Target Support Files/Pods-Weather/Pods-Weather-frameworks-${CONFIGURATION}-input-files.xcfilelist",
			);
			name = "[CP] Embed Pods Frameworks";
			outputFileListPaths = (
				"${PODS_ROOT}/Target Support Files/Pods-Weather/Pods-Weather-frameworks-${CONFIGURATION}-output-files.xcfilelist",
			);
			runOnlyForDeploymentPostprocessing = 0;
			shellPath = /bin/sh;
			shellScript = "\"${PODS_ROOT}/Target Support Files/Pods-Weather/Pods-Weather-frameworks.sh\"\n";
			showEnvVarsInLog = 0;
		};
/* End PBXShellScriptBuildPhase section */

/* Begin PBXSourcesBuildPhase section */
		165E551A22FDF92100DB855A /* Sources */ = {
			isa = PBXSourcesBuildPhase;
			buildActionMask = 2147483647;
			files = (
				165E552422FDF92100DB855A /* ViewController.swift in Sources */,
				165E552222FDF92100DB855A /* AppDelegate.swift in Sources */,
			);
			runOnlyForDeploymentPostprocessing = 0;
		};
		165E552E22FDF92400DB855A /* Sources */ = {
			isa = PBXSourcesBuildPhase;
			buildActionMask = 2147483647;
			files = (
				165E553722FDF92400DB855A /* WeatherTests.swift in Sources */,
			);
			runOnlyForDeploymentPostprocessing = 0;
		};
		165E553922FDF92400DB855A /* Sources */ = {
			isa = PBXSourcesBuildPhase;
			buildActionMask = 2147483647;
			files = (
				165E554222FDF92400DB855A /* WeatherUITests.swift in Sources */,
			);
			runOnlyForDeploymentPostprocessing = 0;
		};
/* End PBXSourcesBuildPhase section */

/* Begin PBXTargetDependency section */
		165E553422FDF92400DB855A /* PBXTargetDependency */ = {
			isa = PBXTargetDependency;
			target = 165E551D22FDF92100DB855A /* Weather */;
			targetProxy = 165E553322FDF92400DB855A /* PBXContainerItemProxy */;
		};
		165E553F22FDF92400DB855A /* PBXTargetDependency */ = {
			isa = PBXTargetDependency;
			target = 165E551D22FDF92100DB855A /* Weather */;
			targetProxy = 165E553E22FDF92400DB855A /* PBXContainerItemProxy */;
		};
/* End PBXTargetDependency section */

/* Begin PBXVariantGroup section */
		165E552522FDF92100DB855A /* Main.storyboard */ = {
			isa = PBXVariantGroup;
			children = (
				165E552622FDF92100DB855A /* Base */,
			);
			name = Main.storyboard;
			sourceTree = "<group>";
		};
		165E552A22FDF92400DB855A /* LaunchScreen.storyboard */ = {
			isa = PBXVariantGroup;
			children = (
				165E552B22FDF92400DB855A /* Base */,
			);
			name = LaunchScreen.storyboard;
			sourceTree = "<group>";
		};
/* End PBXVariantGroup section */

/* Begin XCBuildConfiguration section */
		165E554422FDF92400DB855A /* Debug */ = {
			isa = XCBuildConfiguration;
			buildSettings = {
				ALWAYS_SEARCH_USER_PATHS = NO;
				CLANG_ANALYZER_NONNULL = YES;
				CLANG_ANALYZER_NUMBER_OBJECT_CONVERSION = YES_AGGRESSIVE;
				CLANG_CXX_LANGUAGE_STANDARD = "gnu++14";
				CLANG_CXX_LIBRARY = "libc++";
				CLANG_ENABLE_MODULES = YES;
				CLANG_ENABLE_OBJC_ARC = YES;
				CLANG_ENABLE_OBJC_WEAK = YES;
				CLANG_WARN_BLOCK_CAPTURE_AUTORELEASING = YES;
				CLANG_WARN_BOOL_CONVERSION = YES;
				CLANG_WARN_COMMA = YES;
				CLANG_WARN_CONSTANT_CONVERSION = YES;
				CLANG_WARN_DEPRECATED_OBJC_IMPLEMENTATIONS = YES;
				CLANG_WARN_DIRECT_OBJC_ISA_USAGE = YES_ERROR;
				CLANG_WARN_DOCUMENTATION_COMMENTS = YES;
				CLANG_WARN_EMPTY_BODY = YES;
				CLANG_WARN_ENUM_CONVERSION = YES;
				CLANG_WARN_INFINITE_RECURSION = YES;
				CLANG_WARN_INT_CONVERSION = YES;
				CLANG_WARN_NON_LITERAL_NULL_CONVERSION = YES;
				CLANG_WARN_OBJC_IMPLICIT_RETAIN_SELF = YES;
				CLANG_WARN_OBJC_LITERAL_CONVERSION = YES;
				CLANG_WARN_OBJC_ROOT_CLASS = YES_ERROR;
				CLANG_WARN_RANGE_LOOP_ANALYSIS = YES;
				CLANG_WARN_STRICT_PROTOTYPES = YES;
				CLANG_WARN_SUSPICIOUS_MOVE = YES;
				CLANG_WARN_UNGUARDED_AVAILABILITY = YES_AGGRESSIVE;
				CLANG_WARN_UNREACHABLE_CODE = YES;
				CLANG_WARN__DUPLICATE_METHOD_MATCH = YES;
				CODE_SIGN_IDENTITY = "iPhone Developer";
				COPY_PHASE_STRIP = NO;
				DEBUG_INFORMATION_FORMAT = dwarf;
				ENABLE_STRICT_OBJC_MSGSEND = YES;
				ENABLE_TESTABILITY = YES;
				GCC_C_LANGUAGE_STANDARD = gnu11;
				GCC_DYNAMIC_NO_PIC = NO;
				GCC_NO_COMMON_BLOCKS = YES;
				GCC_OPTIMIZATION_LEVEL = 0;
				GCC_PREPROCESSOR_DEFINITIONS = (
					"DEBUG=1",
					"$(inherited)",
				);
				GCC_WARN_64_TO_32_BIT_CONVERSION = YES;
				GCC_WARN_ABOUT_RETURN_TYPE = YES_ERROR;
				GCC_WARN_UNDECLARED_SELECTOR = YES;
				GCC_WARN_UNINITIALIZED_AUTOS = YES_AGGRESSIVE;
				GCC_WARN_UNUSED_FUNCTION = YES;
				GCC_WARN_UNUSED_VARIABLE = YES;
				IPHONEOS_DEPLOYMENT_TARGET = 12.4;
				MTL_ENABLE_DEBUG_INFO = INCLUDE_SOURCE;
				MTL_FAST_MATH = YES;
				ONLY_ACTIVE_ARCH = YES;
				OWM_API_KEY = acf0779138412f7db47b785cbbce5627;
				SDKROOT = iphoneos;
				SWIFT_ACTIVE_COMPILATION_CONDITIONS = DEBUG;
				SWIFT_OPTIMIZATION_LEVEL = "-Onone";
			};
			name = Debug;
		};
		165E554522FDF92400DB855A /* Release */ = {
			isa = XCBuildConfiguration;
			buildSettings = {
				ALWAYS_SEARCH_USER_PATHS = NO;
				CLANG_ANALYZER_NONNULL = YES;
				CLANG_ANALYZER_NUMBER_OBJECT_CONVERSION = YES_AGGRESSIVE;
				CLANG_CXX_LANGUAGE_STANDARD = "gnu++14";
				CLANG_CXX_LIBRARY = "libc++";
				CLANG_ENABLE_MODULES = YES;
				CLANG_ENABLE_OBJC_ARC = YES;
				CLANG_ENABLE_OBJC_WEAK = YES;
				CLANG_WARN_BLOCK_CAPTURE_AUTORELEASING = YES;
				CLANG_WARN_BOOL_CONVERSION = YES;
				CLANG_WARN_COMMA = YES;
				CLANG_WARN_CONSTANT_CONVERSION = YES;
				CLANG_WARN_DEPRECATED_OBJC_IMPLEMENTATIONS = YES;
				CLANG_WARN_DIRECT_OBJC_ISA_USAGE = YES_ERROR;
				CLANG_WARN_DOCUMENTATION_COMMENTS = YES;
				CLANG_WARN_EMPTY_BODY = YES;
				CLANG_WARN_ENUM_CONVERSION = YES;
				CLANG_WARN_INFINITE_RECURSION = YES;
				CLANG_WARN_INT_CONVERSION = YES;
				CLANG_WARN_NON_LITERAL_NULL_CONVERSION = YES;
				CLANG_WARN_OBJC_IMPLICIT_RETAIN_SELF = YES;
				CLANG_WARN_OBJC_LITERAL_CONVERSION = YES;
				CLANG_WARN_OBJC_ROOT_CLASS = YES_ERROR;
				CLANG_WARN_RANGE_LOOP_ANALYSIS = YES;
				CLANG_WARN_STRICT_PROTOTYPES = YES;
				CLANG_WARN_SUSPICIOUS_MOVE = YES;
				CLANG_WARN_UNGUARDED_AVAILABILITY = YES_AGGRESSIVE;
				CLANG_WARN_UNREACHABLE_CODE = YES;
				CLANG_WARN__DUPLICATE_METHOD_MATCH = YES;
				CODE_SIGN_IDENTITY = "iPhone Developer";
				COPY_PHASE_STRIP = NO;
				DEBUG_INFORMATION_FORMAT = "dwarf-with-dsym";
				ENABLE_NS_ASSERTIONS = NO;
				ENABLE_STRICT_OBJC_MSGSEND = YES;
				GCC_C_LANGUAGE_STANDARD = gnu11;
				GCC_NO_COMMON_BLOCKS = YES;
				GCC_WARN_64_TO_32_BIT_CONVERSION = YES;
				GCC_WARN_ABOUT_RETURN_TYPE = YES_ERROR;
				GCC_WARN_UNDECLARED_SELECTOR = YES;
				GCC_WARN_UNINITIALIZED_AUTOS = YES_AGGRESSIVE;
				GCC_WARN_UNUSED_FUNCTION = YES;
				GCC_WARN_UNUSED_VARIABLE = YES;
				IPHONEOS_DEPLOYMENT_TARGET = 12.4;
				MTL_ENABLE_DEBUG_INFO = NO;
				MTL_FAST_MATH = YES;
				OWM_API_KEY = acf0779138412f7db47b785cbbce5627;
				SDKROOT = iphoneos;
				SWIFT_COMPILATION_MODE = wholemodule;
				SWIFT_OPTIMIZATION_LEVEL = "-O";
				VALIDATE_PRODUCT = YES;
			};
			name = Release;
		};
		165E554722FDF92400DB855A /* Debug */ = {
			isa = XCBuildConfiguration;
			baseConfigurationReference = 481090DB533EA56345AA29AE /* Pods-Weather.debug.xcconfig */;
			buildSettings = {
				ASSETCATALOG_COMPILER_APPICON_NAME = AppIcon;
				CODE_SIGN_STYLE = Automatic;
				DEVELOPMENT_TEAM = QJMJ28WT98;
				INFOPLIST_FILE = Weather/Info.plist;
				LD_RUNPATH_SEARCH_PATHS = (
					"$(inherited)",
					"@executable_path/Frameworks",
				);
				PRODUCT_BUNDLE_IDENTIFIER = melevir.test.app.Weather;
				PRODUCT_NAME = "$(TARGET_NAME)";
				SWIFT_VERSION = 5.0;
				TARGETED_DEVICE_FAMILY = "1,2";
			};
			name = Debug;
		};
		165E554822FDF92400DB855A /* Release */ = {
			isa = XCBuildConfiguration;
			baseConfigurationReference = 173A5D75752A86E7F5312CFC /* Pods-Weather.release.xcconfig */;
			buildSettings = {
				ASSETCATALOG_COMPILER_APPICON_NAME = AppIcon;
				CODE_SIGN_STYLE = Automatic;
				DEVELOPMENT_TEAM = QJMJ28WT98;
				INFOPLIST_FILE = Weather/Info.plist;
				LD_RUNPATH_SEARCH_PATHS = (
					"$(inherited)",
					"@executable_path/Frameworks",
				);
				PRODUCT_BUNDLE_IDENTIFIER = melevir.test.app.Weather;
				PRODUCT_NAME = "$(TARGET_NAME)";
				SWIFT_VERSION = 5.0;
				TARGETED_DEVICE_FAMILY = "1,2";
			};
			name = Release;
		};
		165E554A22FDF92400DB855A /* Debug */ = {
			isa = XCBuildConfiguration;
			baseConfigurationReference = 883A3B7C6E21E7D8962F2BEE /* Pods-WeatherTests.debug.xcconfig */;
			buildSettings = {
				ALWAYS_EMBED_SWIFT_STANDARD_LIBRARIES = YES;
				BUNDLE_LOADER = "$(TEST_HOST)";
				CODE_SIGN_STYLE = Automatic;
				INFOPLIST_FILE = WeatherTests/Info.plist;
				LD_RUNPATH_SEARCH_PATHS = (
					"$(inherited)",
					"@executable_path/Frameworks",
					"@loader_path/Frameworks",
				);
				PRODUCT_BUNDLE_IDENTIFIER = melevir.test.app.WeatherTests;
				PRODUCT_NAME = "$(TARGET_NAME)";
				SWIFT_VERSION = 5.0;
				TARGETED_DEVICE_FAMILY = "1,2";
				TEST_HOST = "$(BUILT_PRODUCTS_DIR)/Weather.app/Weather";
			};
			name = Debug;
		};
		165E554B22FDF92400DB855A /* Release */ = {
			isa = XCBuildConfiguration;
			baseConfigurationReference = F99F341337534DCEE9201BAD /* Pods-WeatherTests.release.xcconfig */;
			buildSettings = {
				ALWAYS_EMBED_SWIFT_STANDARD_LIBRARIES = YES;
				BUNDLE_LOADER = "$(TEST_HOST)";
				CODE_SIGN_STYLE = Automatic;
				INFOPLIST_FILE = WeatherTests/Info.plist;
				LD_RUNPATH_SEARCH_PATHS = (
					"$(inherited)",
					"@executable_path/Frameworks",
					"@loader_path/Frameworks",
				);
				PRODUCT_BUNDLE_IDENTIFIER = melevir.test.app.WeatherTests;
				PRODUCT_NAME = "$(TARGET_NAME)";
				SWIFT_VERSION = 5.0;
				TARGETED_DEVICE_FAMILY = "1,2";
				TEST_HOST = "$(BUILT_PRODUCTS_DIR)/Weather.app/Weather";
			};
			name = Release;
		};
		165E554D22FDF92400DB855A /* Debug */ = {
			isa = XCBuildConfiguration;
			baseConfigurationReference = 9012A5F88972708346EF1C31 /* Pods-WeatherUITests.debug.xcconfig */;
			buildSettings = {
				ALWAYS_EMBED_SWIFT_STANDARD_LIBRARIES = YES;
				CODE_SIGN_STYLE = Automatic;
				INFOPLIST_FILE = WeatherUITests/Info.plist;
				LD_RUNPATH_SEARCH_PATHS = (
					"$(inherited)",
					"@executable_path/Frameworks",
					"@loader_path/Frameworks",
				);
				PRODUCT_BUNDLE_IDENTIFIER = melevir.test.app.WeatherUITests;
				PRODUCT_NAME = "$(TARGET_NAME)";
				SWIFT_VERSION = 5.0;
				TARGETED_DEVICE_FAMILY = "1,2";
				TEST_TARGET_NAME = Weather;
			};
			name = Debug;
		};
		165E554E22FDF92400DB855A /* Release */ = {
			isa = XCBuildConfiguration;
			baseConfigurationReference = 59ACF5D67F39DB070B5AB1F1 /* Pods-WeatherUITests.release.xcconfig */;
			buildSettings = {
				ALWAYS_EMBED_SWIFT_STANDARD_LIBRARIES = YES;
				CODE_SIGN_STYLE = Automatic;
				INFOPLIST_FILE = WeatherUITests/Info.plist;
				LD_RUNPATH_SEARCH_PATHS = (
					"$(inherited)",
					"@executable_path/Frameworks",
					"@loader_path/Frameworks",
				);
				PRODUCT_BUNDLE_IDENTIFIER = melevir.test.app.WeatherUITests;
				PRODUCT_NAME = "$(TARGET_NAME)";
				SWIFT_VERSION = 5.0;
				TARGETED_DEVICE_FAMILY = "1,2";
				TEST_TARGET_NAME = Weather;
			};
			name = Release;
		};
/* End XCBuildConfiguration section */

/* Begin XCConfigurationList section */
		165E551922FDF92000DB855A /* Build configuration list for PBXProject "Weather" */ = {
			isa = XCConfigurationList;
			buildConfigurations = (
				165E554422FDF92400DB855A /* Debug */,
				165E554522FDF92400DB855A /* Release */,
			);
			defaultConfigurationIsVisible = 0;
			defaultConfigurationName = Release;
		};
		165E554622FDF92400DB855A /* Build configuration list for PBXNativeTarget "Weather" */ = {
			isa = XCConfigurationList;
			buildConfigurations = (
				165E554722FDF92400DB855A /* Debug */,
				165E554822FDF92400DB855A /* Release */,
			);
			defaultConfigurationIsVisible = 0;
			defaultConfigurationName = Release;
		};
		165E554922FDF92400DB855A /* Build configuration list for PBXNativeTarget "WeatherTests" */ = {
			isa = XCConfigurationList;
			buildConfigurations = (
				165E554A22FDF92400DB855A /* Debug */,
				165E554B22FDF92400DB855A /* Release */,
			);
			defaultConfigurationIsVisible = 0;
			defaultConfigurationName = Release;
		};
		165E554C22FDF92400DB855A /* Build configuration list for PBXNativeTarget "WeatherUITests" */ = {
			isa = XCConfigurationList;
			buildConfigurations = (
				165E554D22FDF92400DB855A /* Debug */,
				165E554E22FDF92400DB855A /* Release */,
			);
			defaultConfigurationIsVisible = 0;
			defaultConfigurationName = Release;
		};
/* End XCConfigurationList section */
	};
	rootObject = 165E551622FDF92000DB855A /* Project object */;
}
